
Microsoft Visual Studio Solution File, Format Version 12.00
# Visual Studio Version 17
VisualStudioVersion = 17.11.35222.181
MinimumVisualStudioVersion = 10.0.40219.1
Project("{FAE04EC0-301F-11D3-BF4B-00C04F79EFBC}") = "TPWinForm_equipo-19A", "TPWinForm_equipo-19A\TPWinForm_equipo-19A.csproj", "{B597B9A5-067E-4AEC-8064-BCA8D91EF8ED}"
EndProject
Project("{2150E333-8FDC-42A3-9474-1A3956D46DE8}") = "Solution Items", "Solution Items", "{A2377114-0666-4795-8FE2-7157D75F4004}"
	ProjectSection(SolutionItems) = preProject
		.editorconfig = .editorconfig
	EndProjectSection
EndProject
Global
	GlobalSection(SolutionConfigurationPlatforms) = preSolution
		Debug|Any CPU = Debug|Any CPU
		Release|Any CPU = Release|Any CPU
	EndGlobalSection
	GlobalSection(ProjectConfigurationPlatforms) = postSolution
		{B597B9A5-067E-4AEC-8064-BCA8D91EF8ED}.Debug|Any CPU.ActiveCfg = Debug|Any CPU
		{B597B9A5-067E-4AEC-8064-BCA8D91EF8ED}.Debug|Any CPU.Build.0 = Debug|Any CPU
		{B597B9A5-067E-4AEC-8064-BCA8D91EF8ED}.Release|Any CPU.ActiveCfg = Release|Any CPU
		{B597B9A5-067E-4AEC-8064-BCA8D91EF8ED}.Release|Any CPU.Build.0 = Release|Any CPU
	EndGlobalSection
	GlobalSection(SolutionProperties) = preSolution
		HideSolutionNode = FALSE
	EndGlobalSection
	GlobalSection(ExtensibilityGlobals) = postSolution
		SolutionGuid = {9E8A4DB9-9CF0-4E67-861C-00D3CFC46540}
	EndGlobalSection
EndGlobal
